
Microsoft Visual Studio Solution File, Format Version 12.00
# Visual Studio Version 16
VisualStudioVersion = 16.0.30413.136
MinimumVisualStudioVersion = 10.0.40219.1
Project("{FAE04EC0-301F-11D3-BF4B-00C04F79EFBC}") = "TööN1", "TööN1.csproj", "{7CC55C51-1A3D-407A-B7E0-AD68F412ED42}"
EndProject
Global
	GlobalSection(SolutionConfigurationPlatforms) = preSolution
		Debug|Any CPU = Debug|Any CPU
		Release|Any CPU = Release|Any CPU
	EndGlobalSection
	GlobalSection(ProjectConfigurationPlatforms) = postSolution
		{7CC55C51-1A3D-407A-B7E0-AD68F412ED42}.Debug|Any CPU.ActiveCfg = Debug|Any CPU
		{7CC55C51-1A3D-407A-B7E0-AD68F412ED42}.Debug|Any CPU.Build.0 = Debug|Any CPU
		{7CC55C51-1A3D-407A-B7E0-AD68F412ED42}.Release|Any CPU.ActiveCfg = Release|Any CPU
		{7CC55C51-1A3D-407A-B7E0-AD68F412ED42}.Release|Any CPU.Build.0 = Release|Any CPU
	EndGlobalSection
	GlobalSection(SolutionProperties) = preSolution
		HideSolutionNode = FALSE
	EndGlobalSection
	GlobalSection(ExtensibilityGlobals) = postSolution
		SolutionGuid = {96E8E1C9-1973-4108-A16A-51E1DC06B8E7}
	EndGlobalSection
EndGlobal
